
Microsoft Visual Studio Solution File, Format Version 12.00
# Visual Studio Version 17
VisualStudioVersion = 17.8.34511.84
MinimumVisualStudioVersion = 10.0.40219.1
Project("{FAE04EC0-301F-11D3-BF4B-00C04F79EFBC}") = "WebApi", "WebApi\WebApi.csproj", "{52232996-8E11-4C25-AE91-F5821CD289F5}"
EndProject
Global
	GlobalSection(SolutionConfigurationPlatforms) = preSolution
		Debug|Any CPU = Debug|Any CPU
		Release|Any CPU = Release|Any CPU
	EndGlobalSection
	GlobalSection(ProjectConfigurationPlatforms) = postSolution
		{52232996-8E11-4C25-AE91-F5821CD289F5}.Debug|Any CPU.ActiveCfg = Debug|Any CPU
		{52232996-8E11-4C25-AE91-F5821CD289F5}.Debug|Any CPU.Build.0 = Debug|Any CPU
		{52232996-8E11-4C25-AE91-F5821CD289F5}.Release|Any CPU.ActiveCfg = Release|Any CPU
		{52232996-8E11-4C25-AE91-F5821CD289F5}.Release|Any CPU.Build.0 = Release|Any CPU
	EndGlobalSection
	GlobalSection(SolutionProperties) = preSolution
		HideSolutionNode = FALSE
	EndGlobalSection
	GlobalSection(ExtensibilityGlobals) = postSolution
		SolutionGuid = {7A4AEC35-411E-4AEA-A7DA-1BE280CCEBC2}
	EndGlobalSection
EndGlobal
